
Microsoft Visual Studio Solution File, Format Version 12.00
# Visual Studio 15
VisualStudioVersion = 15.0.27004.2009
MinimumVisualStudioVersion = 10.0.40219.1
Project("{FAE04EC0-301F-11D3-BF4B-00C04F79EFBC}") = "KataBingoCard", "KataBingoCard\KataBingoCard.csproj", "{D1EC4A62-7E90-472B-B5AC-4EE9338AB498}"
EndProject
Project("{FAE04EC0-301F-11D3-BF4B-00C04F79EFBC}") = "KataBingoCard.Tests", "KataBingoCard.Tests\KataBingoCard.Tests.csproj", "{AE7E5140-B818-4153-8AF6-647D399FE820}"
EndProject
Global
	GlobalSection(SolutionConfigurationPlatforms) = preSolution
		Debug|Any CPU = Debug|Any CPU
		Release|Any CPU = Release|Any CPU
	EndGlobalSection
	GlobalSection(ProjectConfigurationPlatforms) = postSolution
		{D1EC4A62-7E90-472B-B5AC-4EE9338AB498}.Debug|Any CPU.ActiveCfg = Debug|Any CPU
		{D1EC4A62-7E90-472B-B5AC-4EE9338AB498}.Debug|Any CPU.Build.0 = Debug|Any CPU
		{D1EC4A62-7E90-472B-B5AC-4EE9338AB498}.Release|Any CPU.ActiveCfg = Release|Any CPU
		{D1EC4A62-7E90-472B-B5AC-4EE9338AB498}.Release|Any CPU.Build.0 = Release|Any CPU
		{AE7E5140-B818-4153-8AF6-647D399FE820}.Debug|Any CPU.ActiveCfg = Debug|Any CPU
		{AE7E5140-B818-4153-8AF6-647D399FE820}.Debug|Any CPU.Build.0 = Debug|Any CPU
		{AE7E5140-B818-4153-8AF6-647D399FE820}.Release|Any CPU.ActiveCfg = Release|Any CPU
		{AE7E5140-B818-4153-8AF6-647D399FE820}.Release|Any CPU.Build.0 = Release|Any CPU
	EndGlobalSection
	GlobalSection(SolutionProperties) = preSolution
		HideSolutionNode = FALSE
	EndGlobalSection
	GlobalSection(ExtensibilityGlobals) = postSolution
		SolutionGuid = {C5CC60E0-C060-4653-BDBC-1CCC8559EF32}
	EndGlobalSection
EndGlobal
